PODS:
  - CROffCanvasNavigation (0.0.3)
  - Kiwi (2.3.0)

DEPENDENCIES:
  - CROffCanvasNavigation (from `../`)
  - Kiwi

EXTERNAL SOURCES:
  CROffCanvasNavigation:
    :path: ../

SPEC CHECKSUMS:
  CROffCanvasNavigation: 42f5db80e14e568c08b02a31ae9214e8d4d06811
  Kiwi: 54bece5b35564d9b8e03c608d926f1a22fcfc589

COCOAPODS: 0.33.1
