PODS:
  - CROffCanvasNavigation (0.0.4)
  - Kiwi (2.3.0)

DEPENDENCIES:
  - CROffCanvasNavigation (from `../`)
  - Kiwi

EXTERNAL SOURCES:
  CROffCanvasNavigation:
    :path: ../

SPEC CHECKSUMS:
  CROffCanvasNavigation: 91eb9e8a552403b147a25d54f80fc833053eda7e
  Kiwi: 54bece5b35564d9b8e03c608d926f1a22fcfc589

COCOAPODS: 0.33.1
